
Microsoft Visual Studio Solution File, Format Version 12.00
# Visual Studio Version 17
VisualStudioVersion = 17.8.34316.72
MinimumVisualStudioVersion = 10.0.40219.1
Project("{FAE04EC0-301F-11D3-BF4B-00C04F79EFBC}") = "WhatsAppClone", "WhatsAppClone.csproj", "{F4926DE3-F8D3-4799-8B03-1B231409267D}"
EndProject
Global
	GlobalSection(SolutionConfigurationPlatforms) = preSolution
		Debug|Any CPU = Debug|Any CPU
		Release|Any CPU = Release|Any CPU
	EndGlobalSection
	GlobalSection(ProjectConfigurationPlatforms) = postSolution
		{F4926DE3-F8D3-4799-8B03-1B231409267D}.Debug|Any CPU.ActiveCfg = Debug|Any CPU
		{F4926DE3-F8D3-4799-8B03-1B231409267D}.Debug|Any CPU.Build.0 = Debug|Any CPU
		{F4926DE3-F8D3-4799-8B03-1B231409267D}.Debug|Any CPU.Deploy.0 = Debug|Any CPU
		{F4926DE3-F8D3-4799-8B03-1B231409267D}.Release|Any CPU.ActiveCfg = Release|Any CPU
		{F4926DE3-F8D3-4799-8B03-1B231409267D}.Release|Any CPU.Build.0 = Release|Any CPU
		{F4926DE3-F8D3-4799-8B03-1B231409267D}.Release|Any CPU.Deploy.0 = Release|Any CPU
	EndGlobalSection
	GlobalSection(SolutionProperties) = preSolution
		HideSolutionNode = FALSE
	EndGlobalSection
	GlobalSection(ExtensibilityGlobals) = postSolution
		SolutionGuid = {E4F8F4CA-5130-44E3-A4BD-EA395183CF81}
	EndGlobalSection
EndGlobal
